// !$*UTF8*$!
{
	archiveVersion = 1;
	classes = {
	};
	objectVersion = 50;
	objects = {

/* Begin PBXBuildFile section */
		951D86EC258A1C9F00D50C8F /* TestBirdCompanionApp.swift in Sources */ = {isa = PBXBuildFile; fileRef = 951D86EB258A1C9F00D50C8F /* TestBirdCompanionApp.swift */; };
		951D86EE258A1C9F00D50C8F /* ContentView.swift in Sources */ = {isa = PBXBuildFile; fileRef = 951D86ED258A1C9F00D50C8F /* ContentView.swift */; };
		951D86F0258A1CA100D50C8F /* Assets.xcassets in Resources */ = {isa = PBXBuildFile; fileRef = 951D86EF258A1CA100D50C8F /* Assets.xcassets */; };
		951D86F3258A1CA100D50C8F /* Preview Assets.xcassets in Resources */ = {isa = PBXBuildFile; fileRef = 951D86F2258A1CA100D50C8F /* Preview Assets.xcassets */; };
		951D8702258A1CB400D50C8F /* TestBirdCompanionUITests.swift in Sources */ = {isa = PBXBuildFile; fileRef = 951D8701258A1CB400D50C8F /* TestBirdCompanionUITests.swift */; };
/* End PBXBuildFile section */

/* Begin PBXContainerItemProxy section */
		951D8704258A1CB400D50C8F /* PBXContainerItemProxy */ = {
			isa = PBXContainerItemProxy;
			containerPortal = 951D86E0258A1C9F00D50C8F /* Project object */;
			proxyType = 1;
			remoteGlobalIDString = 951D86E7258A1C9F00D50C8F;
			remoteInfo = TestBirdCompanion;
		};
/* End PBXContainerItemProxy section */

/* Begin PBXFileReference section */
		951D86E8258A1C9F00D50C8F /* TestBirdCompanion.app */ = {isa = PBXFileReference; explicitFileType = wrapper.application; includeInIndex = 0; path = TestBirdCompanion.app; sourceTree = BUILT_PRODUCTS_DIR; };
		951D86EB258A1C9F00D50C8F /* TestBirdCompanionApp.swift */ = {isa = PBXFileReference; lastKnownFileType = sourcecode.swift; path = TestBirdCompanionApp.swift; sourceTree = "<group>"; };
		951D86ED258A1C9F00D50C8F /* ContentView.swift */ = {isa = PBXFileReference; lastKnownFileType = sourcecode.swift; path = ContentView.swift; sourceTree = "<group>"; };
		951D86EF258A1CA100D50C8F /* Assets.xcassets */ = {isa = PBXFileReference; lastKnownFileType = folder.assetcatalog; path = Assets.xcassets; sourceTree = "<group>"; };
		951D86F2258A1CA100D50C8F /* Preview Assets.xcassets */ = {isa = PBXFileReference; lastKnownFileType = folder.assetcatalog; path = "Preview Assets.xcassets"; sourceTree = "<group>"; };
		951D86F4258A1CA100D50C8F /* Info.plist */ = {isa = PBXFileReference; lastKnownFileType = text.plist.xml; path = Info.plist; sourceTree = "<group>"; };
		951D86FF258A1CB400D50C8F /* TestBirdCompanionUITests.xctest */ = {isa = PBXFileReference; explicitFileType = wrapper.cfbundle; includeInIndex = 0; path = TestBirdCompanionUITests.xctest; sourceTree = BUILT_PRODUCTS_DIR; };
		951D8701258A1CB400D50C8F /* TestBirdCompanionUITests.swift */ = {isa = PBXFileReference; lastKnownFileType = sourcecode.swift; path = TestBirdCompanionUITests.swift; sourceTree = "<group>"; };
		951D8703258A1CB400D50C8F /* Info.plist */ = {isa = PBXFileReference; lastKnownFileType = text.plist.xml; path = Info.plist; sourceTree = "<group>"; };
/* End PBXFileReference section */

/* Begin PBXFrameworksBuildPhase section */
		951D86E5258A1C9F00D50C8F /* Frameworks */ = {
			isa = PBXFrameworksBuildPhase;
			buildActionMask = 2147483647;
			files = (
			);
			runOnlyForDeploymentPostprocessing = 0;
		};
		951D86FC258A1CB400D50C8F /* Frameworks */ = {
			isa = PBXFrameworksBuildPhase;
			buildActionMask = 2147483647;
			files = (
			);
			runOnlyForDeploymentPostprocessing = 0;
		};
/* End PBXFrameworksBuildPhase section */

/* Begin PBXGroup section */
		951D86DF258A1C9F00D50C8F = {
			isa = PBXGroup;
			children = (
				951D86EA258A1C9F00D50C8F /* TestBirdCompanion */,
				951D8700258A1CB400D50C8F /* TestBirdCompanionUITests */,
				951D86E9258A1C9F00D50C8F /* Products */,
			);
			sourceTree = "<group>";
		};
		951D86E9258A1C9F00D50C8F /* Products */ = {
			isa = PBXGroup;
			children = (
				951D86E8258A1C9F00D50C8F /* TestBirdCompanion.app */,
				951D86FF258A1CB400D50C8F /* TestBirdCompanionUITests.xctest */,
			);
			name = Products;
			sourceTree = "<group>";
		};
		951D86EA258A1C9F00D50C8F /* TestBirdCompanion */ = {
			isa = PBXGroup;
			children = (
				951D86EB258A1C9F00D50C8F /* TestBirdCompanionApp.swift */,
				951D86ED258A1C9F00D50C8F /* ContentView.swift */,
				951D86EF258A1CA100D50C8F /* Assets.xcassets */,
				951D86F4258A1CA100D50C8F /* Info.plist */,
				951D86F1258A1CA100D50C8F /* Preview Content */,
			);
			path = TestBirdCompanion;
			sourceTree = "<group>";
		};
		951D86F1258A1CA100D50C8F /* Preview Content */ = {
			isa = PBXGroup;
			children = (
				951D86F2258A1CA100D50C8F /* Preview Assets.xcassets */,
			);
			path = "Preview Content";
			sourceTree = "<group>";
		};
		951D8700258A1CB400D50C8F /* TestBirdCompanionUITests */ = {
			isa = PBXGroup;
			children = (
				951D8701258A1CB400D50C8F /* TestBirdCompanionUITests.swift */,
				951D8703258A1CB400D50C8F /* Info.plist */,
			);
			path = TestBirdCompanionUITests;
			sourceTree = "<group>";
		};
/* End PBXGroup section */

/* Begin PBXNativeTarget section */
		951D86E7258A1C9F00D50C8F /* TestBirdCompanion */ = {
			isa = PBXNativeTarget;
			buildConfigurationList = 951D86F7258A1CA100D50C8F /* Build configuration list for PBXNativeTarget "TestBirdCompanion" */;
			buildPhases = (
				951D86E4258A1C9F00D50C8F /* Sources */,
				951D86E5258A1C9F00D50C8F /* Frameworks */,
				951D86E6258A1C9F00D50C8F /* Resources */,
			);
			buildRules = (
			);
			dependencies = (
			);
			name = TestBirdCompanion;
			productName = TestBirdCompanion;
			productReference = 951D86E8258A1C9F00D50C8F /* TestBirdCompanion.app */;
			productType = "com.apple.product-type.application";
		};
		951D86FE258A1CB400D50C8F /* TestBirdCompanionUITests */ = {
			isa = PBXNativeTarget;
			buildConfigurationList = 951D8706258A1CB400D50C8F /* Build configuration list for PBXNativeTarget "TestBirdCompanionUITests" */;
			buildPhases = (
				951D86FB258A1CB400D50C8F /* Sources */,
				951D86FC258A1CB400D50C8F /* Frameworks */,
				951D86FD258A1CB400D50C8F /* Resources */,
			);
			buildRules = (
			);
			dependencies = (
				951D8705258A1CB400D50C8F /* PBXTargetDependency */,
			);
			name = TestBirdCompanionUITests;
			productName = TestBirdCompanionUITests;
			productReference = 951D86FF258A1CB400D50C8F /* TestBirdCompanionUITests.xctest */;
			productType = "com.apple.product-type.bundle.ui-testing";
		};
/* End PBXNativeTarget section */

/* Begin PBXProject section */
		951D86E0258A1C9F00D50C8F /* Project object */ = {
			isa = PBXProject;
			attributes = {
				LastSwiftUpdateCheck = 1230;
				LastUpgradeCheck = 1230;
				TargetAttributes = {
					951D86E7258A1C9F00D50C8F = {
						CreatedOnToolsVersion = 12.3;
					};
					951D86FE258A1CB400D50C8F = {
						CreatedOnToolsVersion = 12.3;
						TestTargetID = 951D86E7258A1C9F00D50C8F;
					};
				};
			};
			buildConfigurationList = 951D86E3258A1C9F00D50C8F /* Build configuration list for PBXProject "TestBirdCompanion" */;
			compatibilityVersion = "Xcode 9.3";
			developmentRegion = en;
			hasScannedForEncodings = 0;
			knownRegions = (
				en,
				Base,
			);
			mainGroup = 951D86DF258A1C9F00D50C8F;
			productRefGroup = 951D86E9258A1C9F00D50C8F /* Products */;
			projectDirPath = "";
			projectRoot = "";
			targets = (
				951D86E7258A1C9F00D50C8F /* TestBirdCompanion */,
				951D86FE258A1CB400D50C8F /* TestBirdCompanionUITests */,
			);
		};
/* End PBXProject section */

/* Begin PBXResourcesBuildPhase section */
		951D86E6258A1C9F00D50C8F /* Resources */ = {
			isa = PBXResourcesBuildPhase;
			buildActionMask = 2147483647;
			files = (
				951D86F3258A1CA100D50C8F /* Preview Assets.xcassets in Resources */,
				951D86F0258A1CA100D50C8F /* Assets.xcassets in Resources */,
			);
			runOnlyForDeploymentPostprocessing = 0;
		};
		951D86FD258A1CB400D50C8F /* Resources */ = {
			isa = PBXResourcesBuildPhase;
			buildActionMask = 2147483647;
			files = (
			);
			runOnlyForDeploymentPostprocessing = 0;
		};
/* End PBXResourcesBuildPhase section */

/* Begin PBXSourcesBuildPhase section */
		951D86E4258A1C9F00D50C8F /* Sources */ = {
			isa = PBXSourcesBuildPhase;
			buildActionMask = 2147483647;
			files = (
				951D86EE258A1C9F00D50C8F /* ContentView.swift in Sources */,
				951D86EC258A1C9F00D50C8F /* TestBirdCompanionApp.swift in Sources */,
			);
			runOnlyForDeploymentPostprocessing = 0;
		};
		951D86FB258A1CB400D50C8F /* Sources */ = {
			isa = PBXSourcesBuildPhase;
			buildActionMask = 2147483647;
			files = (
				951D8702258A1CB400D50C8F /* TestBirdCompanionUITests.swift in Sources */,
			);
			runOnlyForDeploymentPostprocessing = 0;
		};
/* End PBXSourcesBuildPhase section */

/* Begin PBXTargetDependency section */
		951D8705258A1CB400D50C8F /* PBXTargetDependency */ = {
			isa = PBXTargetDependency;
			target = 951D86E7258A1C9F00D50C8F /* TestBirdCompanion */;
			targetProxy = 951D8704258A1CB400D50C8F /* PBXContainerItemProxy */;
		};
/* End PBXTargetDependency section */

/* Begin XCBuildConfiguration section */
		951D86F5258A1CA100D50C8F /* Debug */ = {
			isa = XCBuildConfiguration;
			buildSettings = {
				ALWAYS_SEARCH_USER_PATHS = NO;
				CLANG_ANALYZER_NONNULL = YES;
				CLANG_ANALYZER_NUMBER_OBJECT_CONVERSION = YES_AGGRESSIVE;
				CLANG_CXX_LANGUAGE_STANDARD = "gnu++14";
				CLANG_CXX_LIBRARY = "libc++";
				CLANG_ENABLE_MODULES = YES;
				CLANG_ENABLE_OBJC_ARC = YES;
				CLANG_ENABLE_OBJC_WEAK = YES;
				CLANG_WARN_BLOCK_CAPTURE_AUTORELEASING = YES;
				CLANG_WARN_BOOL_CONVERSION = YES;
				CLANG_WARN_COMMA = YES;
				CLANG_WARN_CONSTANT_CONVERSION = YES;
				CLANG_WARN_DEPRECATED_OBJC_IMPLEMENTATIONS = YES;
				CLANG_WARN_DIRECT_OBJC_ISA_USAGE = YES_ERROR;
				CLANG_WARN_DOCUMENTATION_COMMENTS = YES;
				CLANG_WARN_EMPTY_BODY = YES;
				CLANG_WARN_ENUM_CONVERSION = YES;
				CLANG_WARN_INFINITE_RECURSION = YES;
				CLANG_WARN_INT_CONVERSION = YES;
				CLANG_WARN_NON_LITERAL_NULL_CONVERSION = YES;
				CLANG_WARN_OBJC_IMPLICIT_RETAIN_SELF = YES;
				CLANG_WARN_OBJC_LITERAL_CONVERSION = YES;
				CLANG_WARN_OBJC_ROOT_CLASS = YES_ERROR;
				CLANG_WARN_QUOTED_INCLUDE_IN_FRAMEWORK_HEADER = YES;
				CLANG_WARN_RANGE_LOOP_ANALYSIS = YES;
				CLANG_WARN_STRICT_PROTOTYPES = YES;
				CLANG_WARN_SUSPICIOUS_MOVE = YES;
				CLANG_WARN_UNGUARDED_AVAILABILITY = YES_AGGRESSIVE;
				CLANG_WARN_UNREACHABLE_CODE = YES;
				CLANG_WARN__DUPLICATE_METHOD_MATCH = YES;
				COPY_PHASE_STRIP = NO;
				DEBUG_INFORMATION_FORMAT = dwarf;
				ENABLE_STRICT_OBJC_MSGSEND = YES;
				ENABLE_TESTABILITY = YES;
				GCC_C_LANGUAGE_STANDARD = gnu11;
				GCC_DYNAMIC_NO_PIC = NO;
				GCC_NO_COMMON_BLOCKS = YES;
				GCC_OPTIMIZATION_LEVEL = 0;
				GCC_PREPROCESSOR_DEFINITIONS = (
					"DEBUG=1",
					"$(inherited)",
				);
				GCC_WARN_64_TO_32_BIT_CONVERSION = YES;
				GCC_WARN_ABOUT_RETURN_TYPE = YES_ERROR;
				GCC_WARN_UNDECLARED_SELECTOR = YES;
				GCC_WARN_UNINITIALIZED_AUTOS = YES_AGGRESSIVE;
				GCC_WARN_UNUSED_FUNCTION = YES;
				GCC_WARN_UNUSED_VARIABLE = YES;
				IPHONEOS_DEPLOYMENT_TARGET = 14.2;
				MTL_ENABLE_DEBUG_INFO = INCLUDE_SOURCE;
				MTL_FAST_MATH = YES;
				ONLY_ACTIVE_ARCH = YES;
				SDKROOT = iphoneos;
				SWIFT_ACTIVE_COMPILATION_CONDITIONS = DEBUG;
				SWIFT_OPTIMIZATION_LEVEL = "-Onone";
			};
			name = Debug;
		};
		951D86F6258A1CA100D50C8F /* Release */ = {
			isa = XCBuildConfiguration;
			buildSettings = {
				ALWAYS_SEARCH_USER_PATHS = NO;
				CLANG_ANALYZER_NONNULL = YES;
				CLANG_ANALYZER_NUMBER_OBJECT_CONVERSION = YES_AGGRESSIVE;
				CLANG_CXX_LANGUAGE_STANDARD = "gnu++14";
				CLANG_CXX_LIBRARY = "libc++";
				CLANG_ENABLE_MODULES = YES;
				CLANG_ENABLE_OBJC_ARC = YES;
				CLANG_ENABLE_OBJC_WEAK = YES;
				CLANG_WARN_BLOCK_CAPTURE_AUTORELEASING = YES;
				CLANG_WARN_BOOL_CONVERSION = YES;
				CLANG_WARN_COMMA = YES;
				CLANG_WARN_CONSTANT_CONVERSION = YES;
				CLANG_WARN_DEPRECATED_OBJC_IMPLEMENTATIONS = YES;
				CLANG_WARN_DIRECT_OBJC_ISA_USAGE = YES_ERROR;
				CLANG_WARN_DOCUMENTATION_COMMENTS = YES;
				CLANG_WARN_EMPTY_BODY = YES;
				CLANG_WARN_ENUM_CONVERSION = YES;
				CLANG_WARN_INFINITE_RECURSION = YES;
				CLANG_WARN_INT_CONVERSION = YES;
				CLANG_WARN_NON_LITERAL_NULL_CONVERSION = YES;
				CLANG_WARN_OBJC_IMPLICIT_RETAIN_SELF = YES;
				CLANG_WARN_OBJC_LITERAL_CONVERSION = YES;
				CLANG_WARN_OBJC_ROOT_CLASS = YES_ERROR;
				CLANG_WARN_QUOTED_INCLUDE_IN_FRAMEWORK_HEADER = YES;
				CLANG_WARN_RANGE_LOOP_ANALYSIS = YES;
				CLANG_WARN_STRICT_PROTOTYPES = YES;
				CLANG_WARN_SUSPICIOUS_MOVE = YES;
				CLANG_WARN_UNGUARDED_AVAILABILITY = YES_AGGRESSIVE;
				CLANG_WARN_UNREACHABLE_CODE = YES;
				CLANG_WARN__DUPLICATE_METHOD_MATCH = YES;
				COPY_PHASE_STRIP = NO;
				DEBUG_INFORMATION_FORMAT = "dwarf-with-dsym";
				ENABLE_NS_ASSERTIONS = NO;
				ENABLE_STRICT_OBJC_MSGSEND = YES;
				GCC_C_LANGUAGE_STANDARD = gnu11;
				GCC_NO_COMMON_BLOCKS = YES;
				GCC_WARN_64_TO_32_BIT_CONVERSION = YES;
				GCC_WARN_ABOUT_RETURN_TYPE = YES_ERROR;
				GCC_WARN_UNDECLARED_SELECTOR = YES;
				GCC_WARN_UNINITIALIZED_AUTOS = YES_AGGRESSIVE;
				GCC_WARN_UNUSED_FUNCTION = YES;
				GCC_WARN_UNUSED_VARIABLE = YES;
				IPHONEOS_DEPLOYMENT_TARGET = 14.2;
				MTL_ENABLE_DEBUG_INFO = NO;
				MTL_FAST_MATH = YES;
				SDKROOT = iphoneos;
				SWIFT_COMPILATION_MODE = wholemodule;
				SWIFT_OPTIMIZATION_LEVEL = "-O";
				VALIDATE_PRODUCT = YES;
			};
			name = Release;
		};
		951D86F8258A1CA100D50C8F /* Debug */ = {
			isa = XCBuildConfiguration;
			buildSettings = {
				ASSETCATALOG_COMPILER_APPICON_NAME = AppIcon;
				ASSETCATALOG_COMPILER_GLOBAL_ACCENT_COLOR_NAME = AccentColor;
				CODE_SIGN_STYLE = Automatic;
				DEVELOPMENT_ASSET_PATHS = "\"TestBirdCompanion/Preview Content\"";
				DEVELOPMENT_TEAM = L8W86DZDY2;
				ENABLE_PREVIEWS = YES;
				INFOPLIST_FILE = TestBirdCompanion/Info.plist;
				IPHONEOS_DEPLOYMENT_TARGET = 14.0;
				LD_RUNPATH_SEARCH_PATHS = (
					"$(inherited)",
					"@executable_path/Frameworks",
				);
				PRODUCT_BUNDLE_IDENTIFIER = com.ri.TestBirdCompanion;
				PRODUCT_NAME = "$(TARGET_NAME)";
				SWIFT_VERSION = 5.0;
				TARGETED_DEVICE_FAMILY = "1,2";
			};
			name = Debug;
		};
		951D86F9258A1CA100D50C8F /* Release */ = {
			isa = XCBuildConfiguration;
			buildSettings = {
				ASSETCATALOG_COMPILER_APPICON_NAME = AppIcon;
				ASSETCATALOG_COMPILER_GLOBAL_ACCENT_COLOR_NAME = AccentColor;
				CODE_SIGN_STYLE = Automatic;
				DEVELOPMENT_ASSET_PATHS = "\"TestBirdCompanion/Preview Content\"";
				DEVELOPMENT_TEAM = L8W86DZDY2;
				ENABLE_PREVIEWS = YES;
				INFOPLIST_FILE = TestBirdCompanion/Info.plist;
				IPHONEOS_DEPLOYMENT_TARGET = 14.0;
				LD_RUNPATH_SEARCH_PATHS = (
					"$(inherited)",
					"@executable_path/Frameworks",
				);
				PRODUCT_BUNDLE_IDENTIFIER = com.ri.TestBirdCompanion;
				PRODUCT_NAME = "$(TARGET_NAME)";
				SWIFT_VERSION = 5.0;
				TARGETED_DEVICE_FAMILY = "1,2";
			};
			name = Release;
		};
		951D8707258A1CB400D50C8F /* Debug */ = {
			isa = XCBuildConfiguration;
			buildSettings = {
				CODE_SIGN_STYLE = Automatic;
				DEVELOPMENT_TEAM = L8W86DZDY2;
				INFOPLIST_FILE = TestBirdCompanionUITests/Info.plist;
				LD_RUNPATH_SEARCH_PATHS = (
					"$(inherited)",
					"@executable_path/Frameworks",
					"@loader_path/Frameworks",
				);
				PRODUCT_BUNDLE_IDENTIFIER = com.ri.TestBirdCompanionUITests;
				PRODUCT_NAME = "$(TARGET_NAME)";
				SWIFT_VERSION = 5.0;
				TARGETED_DEVICE_FAMILY = "1,2";
				TEST_TARGET_NAME = TestBirdCompanion;
			};
			name = Debug;
		};
		951D8708258A1CB400D50C8F /* Release */ = {
			isa = XCBuildConfiguration;
			buildSettings = {
				CODE_SIGN_STYLE = Automatic;
				DEVELOPMENT_TEAM = L8W86DZDY2;
				INFOPLIST_FILE = TestBirdCompanionUITests/Info.plist;
				LD_RUNPATH_SEARCH_PATHS = (
					"$(inherited)",
					"@executable_path/Frameworks",
					"@loader_path/Frameworks",
				);
				PRODUCT_BUNDLE_IDENTIFIER = com.ri.TestBirdCompanionUITests;
				PRODUCT_NAME = "$(TARGET_NAME)";
				SWIFT_VERSION = 5.0;
				TARGETED_DEVICE_FAMILY = "1,2";
				TEST_TARGET_NAME = TestBirdCompanion;
			};
			name = Release;
		};
/* End XCBuildConfiguration section */

/* Begin XCConfigurationList section */
		951D86E3258A1C9F00D50C8F /* Build configuration list for PBXProject "TestBirdCompanion" */ = {
			isa = XCConfigurationList;
			buildConfigurations = (
				951D86F5258A1CA100D50C8F /* Debug */,
				951D86F6258A1CA100D50C8F /* Release */,
			);
			defaultConfigurationIsVisible = 0;
			defaultConfigurationName = Release;
		};
		951D86F7258A1CA100D50C8F /* Build configuration list for PBXNativeTarget "TestBirdCompanion" */ = {
			isa = XCConfigurationList;
			buildConfigurations = (
				951D86F8258A1CA100D50C8F /* Debug */,
				951D86F9258A1CA100D50C8F /* Release */,
			);
			defaultConfigurationIsVisible = 0;
			defaultConfigurationName = Release;
		};
		951D8706258A1CB400D50C8F /* Build configuration list for PBXNativeTarget "TestBirdCompanionUITests" */ = {
			isa = XCConfigurationList;
			buildConfigurations = (
				951D8707258A1CB400D50C8F /* Debug */,
				951D8708258A1CB400D50C8F /* Release */,
			);
			defaultConfigurationIsVisible = 0;
			defaultConfigurationName = Release;
		};
/* End XCConfigurationList section */
	};
	rootObject = 951D86E0258A1C9F00D50C8F /* Project object */;
}
